// !$*UTF8*$!
{
	archiveVersion = 1;
	classes = {
	};
	objectVersion = 50;
	objects = {

/* Begin PBXBuildFile section */
		1F14F5B72431597400F4020C /* FinTechHome.swift in Sources */ = {isa = PBXBuildFile; fileRef = 1F14F5B62431597400F4020C /* FinTechHome.swift */; };
		1F2490C424317AFA0005E4F2 /* CreditCardView.swift in Sources */ = {isa = PBXBuildFile; fileRef = 1F2490C324317AFA0005E4F2 /* CreditCardView.swift */; };
		1F3430E1242EB077009268B8 /* AppDelegate.swift in Sources */ = {isa = PBXBuildFile; fileRef = 1F3430E0242EB077009268B8 /* AppDelegate.swift */; };
		1F3430E3242EB077009268B8 /* SceneDelegate.swift in Sources */ = {isa = PBXBuildFile; fileRef = 1F3430E2242EB077009268B8 /* SceneDelegate.swift */; };
		1F3430E5242EB077009268B8 /* ContentView.swift in Sources */ = {isa = PBXBuildFile; fileRef = 1F3430E4242EB077009268B8 /* ContentView.swift */; };
		1F3430E7242EB07A009268B8 /* Assets.xcassets in Resources */ = {isa = PBXBuildFile; fileRef = 1F3430E6242EB07A009268B8 /* Assets.xcassets */; };
		1F3430EA242EB07A009268B8 /* Preview Assets.xcassets in Resources */ = {isa = PBXBuildFile; fileRef = 1F3430E9242EB07A009268B8 /* Preview Assets.xcassets */; };
		1F3430ED242EB07A009268B8 /* LaunchScreen.storyboard in Resources */ = {isa = PBXBuildFile; fileRef = 1F3430EB242EB07A009268B8 /* LaunchScreen.storyboard */; };
		1F3430F8242EB07A009268B8 /* InteractiveViewTests.swift in Sources */ = {isa = PBXBuildFile; fileRef = 1F3430F7242EB07A009268B8 /* InteractiveViewTests.swift */; };
		1F343103242EB07A009268B8 /* InteractiveViewUITests.swift in Sources */ = {isa = PBXBuildFile; fileRef = 1F343102242EB07A009268B8 /* InteractiveViewUITests.swift */; };
		1F3A99A02435941A00DE02AD /* NeumorphicUI.swift in Sources */ = {isa = PBXBuildFile; fileRef = 1F3A999F2435941A00DE02AD /* NeumorphicUI.swift */; };
		1F41660224333C460097A8C0 /* LoginView.swift in Sources */ = {isa = PBXBuildFile; fileRef = 1F41660124333C460097A8C0 /* LoginView.swift */; };
		1F4B4F612432ACAE00235134 /* DeliveryFrontView.swift in Sources */ = {isa = PBXBuildFile; fileRef = 1F4B4F602432ACAE00235134 /* DeliveryFrontView.swift */; };
		1FF935C62436B8F60009282C /* NativeComponents.swift in Sources */ = {isa = PBXBuildFile; fileRef = 1FF935C52436B8F60009282C /* NativeComponents.swift */; };
		1FF935C92437CE630009282C /* LegGoView.swift in Sources */ = {isa = PBXBuildFile; fileRef = 1FF935C82437CE630009282C /* LegGoView.swift */; };
/* End PBXBuildFile section */

/* Begin PBXContainerItemProxy section */
		1F3430F4242EB07A009268B8 /* PBXContainerItemProxy */ = {
			isa = PBXContainerItemProxy;
			containerPortal = 1F3430D5242EB077009268B8 /* Project object */;
			proxyType = 1;
			remoteGlobalIDString = 1F3430DC242EB077009268B8;
			remoteInfo = InteractiveView;
		};
		1F3430FF242EB07A009268B8 /* PBXContainerItemProxy */ = {
			isa = PBXContainerItemProxy;
			containerPortal = 1F3430D5242EB077009268B8 /* Project object */;
			proxyType = 1;
			remoteGlobalIDString = 1F3430DC242EB077009268B8;
			remoteInfo = InteractiveView;
		};
/* End PBXContainerItemProxy section */

/* Begin PBXFileReference section */
		1F14F5B62431597400F4020C /* FinTechHome.swift */ = {isa = PBXFileReference; lastKnownFileType = sourcecode.swift; path = FinTechHome.swift; sourceTree = "<group>"; };
		1F2490C324317AFA0005E4F2 /* CreditCardView.swift */ = {isa = PBXFileReference; lastKnownFileType = sourcecode.swift; path = CreditCardView.swift; sourceTree = "<group>"; };
		1F3430DD242EB077009268B8 /* InteractiveView.app */ = {isa = PBXFileReference; explicitFileType = wrapper.application; includeInIndex = 0; path = InteractiveView.app; sourceTree = BUILT_PRODUCTS_DIR; };
		1F3430E0242EB077009268B8 /* AppDelegate.swift */ = {isa = PBXFileReference; lastKnownFileType = sourcecode.swift; path = AppDelegate.swift; sourceTree = "<group>"; };
		1F3430E2242EB077009268B8 /* SceneDelegate.swift */ = {isa = PBXFileReference; lastKnownFileType = sourcecode.swift; path = SceneDelegate.swift; sourceTree = "<group>"; };
		1F3430E4242EB077009268B8 /* ContentView.swift */ = {isa = PBXFileReference; lastKnownFileType = sourcecode.swift; path = ContentView.swift; sourceTree = "<group>"; };
		1F3430E6242EB07A009268B8 /* Assets.xcassets */ = {isa = PBXFileReference; lastKnownFileType = folder.assetcatalog; path = Assets.xcassets; sourceTree = "<group>"; };
		1F3430E9242EB07A009268B8 /* Preview Assets.xcassets */ = {isa = PBXFileReference; lastKnownFileType = folder.assetcatalog; path = "Preview Assets.xcassets"; sourceTree = "<group>"; };
		1F3430EC242EB07A009268B8 /* Base */ = {isa = PBXFileReference; lastKnownFileType = file.storyboard; name = Base; path = Base.lproj/LaunchScreen.storyboard; sourceTree = "<group>"; };
		1F3430EE242EB07A009268B8 /* Info.plist */ = {isa = PBXFileReference; lastKnownFileType = text.plist.xml; path = Info.plist; sourceTree = "<group>"; };
		1F3430F3242EB07A009268B8 /* InteractiveViewTests.xctest */ = {isa = PBXFileReference; explicitFileType = wrapper.cfbundle; includeInIndex = 0; path = InteractiveViewTests.xctest; sourceTree = BUILT_PRODUCTS_DIR; };
		1F3430F7242EB07A009268B8 /* InteractiveViewTests.swift */ = {isa = PBXFileReference; lastKnownFileType = sourcecode.swift; path = InteractiveViewTests.swift; sourceTree = "<group>"; };
		1F3430F9242EB07A009268B8 /* Info.plist */ = {isa = PBXFileReference; lastKnownFileType = text.plist.xml; path = Info.plist; sourceTree = "<group>"; };
		1F3430FE242EB07A009268B8 /* InteractiveViewUITests.xctest */ = {isa = PBXFileReference; explicitFileType = wrapper.cfbundle; includeInIndex = 0; path = InteractiveViewUITests.xctest; sourceTree = BUILT_PRODUCTS_DIR; };
		1F343102242EB07A009268B8 /* InteractiveViewUITests.swift */ = {isa = PBXFileReference; lastKnownFileType = sourcecode.swift; path = InteractiveViewUITests.swift; sourceTree = "<group>"; };
		1F343104242EB07A009268B8 /* Info.plist */ = {isa = PBXFileReference; lastKnownFileType = text.plist.xml; path = Info.plist; sourceTree = "<group>"; };
		1F3A999F2435941A00DE02AD /* NeumorphicUI.swift */ = {isa = PBXFileReference; lastKnownFileType = sourcecode.swift; path = NeumorphicUI.swift; sourceTree = "<group>"; };
		1F41660124333C460097A8C0 /* LoginView.swift */ = {isa = PBXFileReference; lastKnownFileType = sourcecode.swift; path = LoginView.swift; sourceTree = "<group>"; };
		1F4B4F602432ACAE00235134 /* DeliveryFrontView.swift */ = {isa = PBXFileReference; lastKnownFileType = sourcecode.swift; path = DeliveryFrontView.swift; sourceTree = "<group>"; };
		1FF935C52436B8F60009282C /* NativeComponents.swift */ = {isa = PBXFileReference; lastKnownFileType = sourcecode.swift; path = NativeComponents.swift; sourceTree = "<group>"; };
		1FF935C82437CE630009282C /* LegGoView.swift */ = {isa = PBXFileReference; lastKnownFileType = sourcecode.swift; path = LegGoView.swift; sourceTree = "<group>"; };
/* End PBXFileReference section */

/* Begin PBXFrameworksBuildPhase section */
		1F3430DA242EB077009268B8 /* Frameworks */ = {
			isa = PBXFrameworksBuildPhase;
			buildActionMask = 2147483647;
			files = (
			);
			runOnlyForDeploymentPostprocessing = 0;
		};
		1F3430F0242EB07A009268B8 /* Frameworks */ = {
			isa = PBXFrameworksBuildPhase;
			buildActionMask = 2147483647;
			files = (
			);
			runOnlyForDeploymentPostprocessing = 0;
		};
		1F3430FB242EB07A009268B8 /* Frameworks */ = {
			isa = PBXFrameworksBuildPhase;
			buildActionMask = 2147483647;
			files = (
			);
			runOnlyForDeploymentPostprocessing = 0;
		};
/* End PBXFrameworksBuildPhase section */

/* Begin PBXGroup section */
		1F3430D4242EB077009268B8 = {
			isa = PBXGroup;
			children = (
				1F3430DF242EB077009268B8 /* InteractiveView */,
				1F3430F6242EB07A009268B8 /* InteractiveViewTests */,
				1F343101242EB07A009268B8 /* InteractiveViewUITests */,
				1F3430DE242EB077009268B8 /* Products */,
			);
			sourceTree = "<group>";
		};
		1F3430DE242EB077009268B8 /* Products */ = {
			isa = PBXGroup;
			children = (
				1F3430DD242EB077009268B8 /* InteractiveView.app */,
				1F3430F3242EB07A009268B8 /* InteractiveViewTests.xctest */,
				1F3430FE242EB07A009268B8 /* InteractiveViewUITests.xctest */,
			);
			name = Products;
			sourceTree = "<group>";
		};
		1F3430DF242EB077009268B8 /* InteractiveView */ = {
			isa = PBXGroup;
			children = (
				1FF935C72437CE440009282C /* NativeCotents */,
				1F3430E0242EB077009268B8 /* AppDelegate.swift */,
				1F3430E2242EB077009268B8 /* SceneDelegate.swift */,
				1F3430E4242EB077009268B8 /* ContentView.swift */,
				1F3430E6242EB07A009268B8 /* Assets.xcassets */,
				1F3430EB242EB07A009268B8 /* LaunchScreen.storyboard */,
				1F3430EE242EB07A009268B8 /* Info.plist */,
				1F3430E8242EB07A009268B8 /* Preview Content */,
				1F14F5B62431597400F4020C /* FinTechHome.swift */,
				1F2490C324317AFA0005E4F2 /* CreditCardView.swift */,
				1F4B4F602432ACAE00235134 /* DeliveryFrontView.swift */,
				1F41660124333C460097A8C0 /* LoginView.swift */,
				1F3A999F2435941A00DE02AD /* NeumorphicUI.swift */,
				1FF935C52436B8F60009282C /* NativeComponents.swift */,
			);
			path = InteractiveView;
			sourceTree = "<group>";
		};
		1F3430E8242EB07A009268B8 /* Preview Content */ = {
			isa = PBXGroup;
			children = (
				1F3430E9242EB07A009268B8 /* Preview Assets.xcassets */,
			);
			path = "Preview Content";
			sourceTree = "<group>";
		};
		1F3430F6242EB07A009268B8 /* InteractiveViewTests */ = {
			isa = PBXGroup;
			children = (
				1F3430F7242EB07A009268B8 /* InteractiveViewTests.swift */,
				1F3430F9242EB07A009268B8 /* Info.plist */,
			);
			path = InteractiveViewTests;
			sourceTree = "<group>";
		};
		1F343101242EB07A009268B8 /* InteractiveViewUITests */ = {
			isa = PBXGroup;
			children = (
				1F343102242EB07A009268B8 /* InteractiveViewUITests.swift */,
				1F343104242EB07A009268B8 /* Info.plist */,
			);
			path = InteractiveViewUITests;
			sourceTree = "<group>";
		};
		1FF935C72437CE440009282C /* NativeCotents */ = {
			isa = PBXGroup;
			children = (
				1FF935C82437CE630009282C /* LegGoView.swift */,
			);
			path = NativeCotents;
			sourceTree = "<group>";
		};
/* End PBXGroup section */

/* Begin PBXNativeTarget section */
		1F3430DC242EB077009268B8 /* InteractiveView */ = {
			isa = PBXNativeTarget;
			buildConfigurationList = 1F343107242EB07A009268B8 /* Build configuration list for PBXNativeTarget "InteractiveView" */;
			buildPhases = (
				1F3430D9242EB077009268B8 /* Sources */,
				1F3430DA242EB077009268B8 /* Frameworks */,
				1F3430DB242EB077009268B8 /* Resources */,
			);
			buildRules = (
			);
			dependencies = (
			);
			name = InteractiveView;
			productName = InteractiveView;
			productReference = 1F3430DD242EB077009268B8 /* InteractiveView.app */;
			productType = "com.apple.product-type.application";
		};
		1F3430F2242EB07A009268B8 /* InteractiveViewTests */ = {
			isa = PBXNativeTarget;
			buildConfigurationList = 1F34310A242EB07A009268B8 /* Build configuration list for PBXNativeTarget "InteractiveViewTests" */;
			buildPhases = (
				1F3430EF242EB07A009268B8 /* Sources */,
				1F3430F0242EB07A009268B8 /* Frameworks */,
				1F3430F1242EB07A009268B8 /* Resources */,
			);
			buildRules = (
			);
			dependencies = (
				1F3430F5242EB07A009268B8 /* PBXTargetDependency */,
			);
			name = InteractiveViewTests;
			productName = InteractiveViewTests;
			productReference = 1F3430F3242EB07A009268B8 /* InteractiveViewTests.xctest */;
			productType = "com.apple.product-type.bundle.unit-test";
		};
		1F3430FD242EB07A009268B8 /* InteractiveViewUITests */ = {
			isa = PBXNativeTarget;
			buildConfigurationList = 1F34310D242EB07A009268B8 /* Build configuration list for PBXNativeTarget "InteractiveViewUITests" */;
			buildPhases = (
				1F3430FA242EB07A009268B8 /* Sources */,
				1F3430FB242EB07A009268B8 /* Frameworks */,
				1F3430FC242EB07A009268B8 /* Resources */,
			);
			buildRules = (
			);
			dependencies = (
				1F343100242EB07A009268B8 /* PBXTargetDependency */,
			);
			name = InteractiveViewUITests;
			productName = InteractiveViewUITests;
			productReference = 1F3430FE242EB07A009268B8 /* InteractiveViewUITests.xctest */;
			productType = "com.apple.product-type.bundle.ui-testing";
		};
/* End PBXNativeTarget section */

/* Begin PBXProject section */
		1F3430D5242EB077009268B8 /* Project object */ = {
			isa = PBXProject;
			attributes = {
				LastSwiftUpdateCheck = 1110;
				LastUpgradeCheck = 1110;
				ORGANIZATIONNAME = "Duncan Adjei";
				TargetAttributes = {
					1F3430DC242EB077009268B8 = {
						CreatedOnToolsVersion = 11.1;
					};
					1F3430F2242EB07A009268B8 = {
						CreatedOnToolsVersion = 11.1;
						TestTargetID = 1F3430DC242EB077009268B8;
					};
					1F3430FD242EB07A009268B8 = {
						CreatedOnToolsVersion = 11.1;
						TestTargetID = 1F3430DC242EB077009268B8;
					};
				};
			};
			buildConfigurationList = 1F3430D8242EB077009268B8 /* Build configuration list for PBXProject "InteractiveView" */;
			compatibilityVersion = "Xcode 9.3";
			developmentRegion = en;
			hasScannedForEncodings = 0;
			knownRegions = (
				en,
				Base,
			);
			mainGroup = 1F3430D4242EB077009268B8;
			productRefGroup = 1F3430DE242EB077009268B8 /* Products */;
			projectDirPath = "";
			projectRoot = "";
			targets = (
				1F3430DC242EB077009268B8 /* InteractiveView */,
				1F3430F2242EB07A009268B8 /* InteractiveViewTests */,
				1F3430FD242EB07A009268B8 /* InteractiveViewUITests */,
			);
		};
/* End PBXProject section */

/* Begin PBXResourcesBuildPhase section */
		1F3430DB242EB077009268B8 /* Resources */ = {
			isa = PBXResourcesBuildPhase;
			buildActionMask = 2147483647;
			files = (
				1F3430ED242EB07A009268B8 /* LaunchScreen.storyboard in Resources */,
				1F3430EA242EB07A009268B8 /* Preview Assets.xcassets in Resources */,
				1F3430E7242EB07A009268B8 /* Assets.xcassets in Resources */,
			);
			runOnlyForDeploymentPostprocessing = 0;
		};
		1F3430F1242EB07A009268B8 /* Resources */ = {
			isa = PBXResourcesBuildPhase;
			buildActionMask = 2147483647;
			files = (
			);
			runOnlyForDeploymentPostprocessing = 0;
		};
		1F3430FC242EB07A009268B8 /* Resources */ = {
			isa = PBXResourcesBuildPhase;
			buildActionMask = 2147483647;
			files = (
			);
			runOnlyForDeploymentPostprocessing = 0;
		};
/* End PBXResourcesBuildPhase section */

/* Begin PBXSourcesBuildPhase section */
		1F3430D9242EB077009268B8 /* Sources */ = {
			isa = PBXSourcesBuildPhase;
			buildActionMask = 2147483647;
			files = (
				1F4B4F612432ACAE00235134 /* DeliveryFrontView.swift in Sources */,
				1FF935C92437CE630009282C /* LegGoView.swift in Sources */,
				1F41660224333C460097A8C0 /* LoginView.swift in Sources */,
				1F3430E1242EB077009268B8 /* AppDelegate.swift in Sources */,
				1F3430E3242EB077009268B8 /* SceneDelegate.swift in Sources */,
				1F14F5B72431597400F4020C /* FinTechHome.swift in Sources */,
				1FF935C62436B8F60009282C /* NativeComponents.swift in Sources */,
				1F3A99A02435941A00DE02AD /* NeumorphicUI.swift in Sources */,
				1F2490C424317AFA0005E4F2 /* CreditCardView.swift in Sources */,
				1F3430E5242EB077009268B8 /* ContentView.swift in Sources */,
			);
			runOnlyForDeploymentPostprocessing = 0;
		};
		1F3430EF242EB07A009268B8 /* Sources */ = {
			isa = PBXSourcesBuildPhase;
			buildActionMask = 2147483647;
			files = (
				1F3430F8242EB07A009268B8 /* InteractiveViewTests.swift in Sources */,
			);
			runOnlyForDeploymentPostprocessing = 0;
		};
		1F3430FA242EB07A009268B8 /* Sources */ = {
			isa = PBXSourcesBuildPhase;
			buildActionMask = 2147483647;
			files = (
				1F343103242EB07A009268B8 /* InteractiveViewUITests.swift in Sources */,
			);
			runOnlyForDeploymentPostprocessing = 0;
		};
/* End PBXSourcesBuildPhase section */

/* Begin PBXTargetDependency section */
		1F3430F5242EB07A009268B8 /* PBXTargetDependency */ = {
			isa = PBXTargetDependency;
			target = 1F3430DC242EB077009268B8 /* InteractiveView */;
			targetProxy = 1F3430F4242EB07A009268B8 /* PBXContainerItemProxy */;
		};
		1F343100242EB07A009268B8 /* PBXTargetDependency */ = {
			isa = PBXTargetDependency;
			target = 1F3430DC242EB077009268B8 /* InteractiveView */;
			targetProxy = 1F3430FF242EB07A009268B8 /* PBXContainerItemProxy */;
		};
/* End PBXTargetDependency section */

/* Begin PBXVariantGroup section */
		1F3430EB242EB07A009268B8 /* LaunchScreen.storyboard */ = {
			isa = PBXVariantGroup;
			children = (
				1F3430EC242EB07A009268B8 /* Base */,
			);
			name = LaunchScreen.storyboard;
			sourceTree = "<group>";
		};
/* End PBXVariantGroup section */

/* Begin XCBuildConfiguration section */
		1F343105242EB07A009268B8 /* Debug */ = {
			isa = XCBuildConfiguration;
			buildSettings = {
				ALWAYS_SEARCH_USER_PATHS = NO;
				CLANG_ANALYZER_NONNULL = YES;
				CLANG_ANALYZER_NUMBER_OBJECT_CONVERSION = YES_AGGRESSIVE;
				CLANG_CXX_LANGUAGE_STANDARD = "gnu++14";
				CLANG_CXX_LIBRARY = "libc++";
				CLANG_ENABLE_MODULES = YES;
				CLANG_ENABLE_OBJC_ARC = YES;
				CLANG_ENABLE_OBJC_WEAK = YES;
				CLANG_WARN_BLOCK_CAPTURE_AUTORELEASING = YES;
				CLANG_WARN_BOOL_CONVERSION = YES;
				CLANG_WARN_COMMA = YES;
				CLANG_WARN_CONSTANT_CONVERSION = YES;
				CLANG_WARN_DEPRECATED_OBJC_IMPLEMENTATIONS = YES;
				CLANG_WARN_DIRECT_OBJC_ISA_USAGE = YES_ERROR;
				CLANG_WARN_DOCUMENTATION_COMMENTS = YES;
				CLANG_WARN_EMPTY_BODY = YES;
				CLANG_WARN_ENUM_CONVERSION = YES;
				CLANG_WARN_INFINITE_RECURSION = YES;
				CLANG_WARN_INT_CONVERSION = YES;
				CLANG_WARN_NON_LITERAL_NULL_CONVERSION = YES;
				CLANG_WARN_OBJC_IMPLICIT_RETAIN_SELF = YES;
				CLANG_WARN_OBJC_LITERAL_CONVERSION = YES;
				CLANG_WARN_OBJC_ROOT_CLASS = YES_ERROR;
				CLANG_WARN_RANGE_LOOP_ANALYSIS = YES;
				CLANG_WARN_STRICT_PROTOTYPES = YES;
				CLANG_WARN_SUSPICIOUS_MOVE = YES;
				CLANG_WARN_UNGUARDED_AVAILABILITY = YES_AGGRESSIVE;
				CLANG_WARN_UNREACHABLE_CODE = YES;
				CLANG_WARN__DUPLICATE_METHOD_MATCH = YES;
				COPY_PHASE_STRIP = NO;
				DEBUG_INFORMATION_FORMAT = dwarf;
				ENABLE_STRICT_OBJC_MSGSEND = YES;
				ENABLE_TESTABILITY = YES;
				GCC_C_LANGUAGE_STANDARD = gnu11;
				GCC_DYNAMIC_NO_PIC = NO;
				GCC_NO_COMMON_BLOCKS = YES;
				GCC_OPTIMIZATION_LEVEL = 0;
				GCC_PREPROCESSOR_DEFINITIONS = (
					"DEBUG=1",
					"$(inherited)",
				);
				GCC_WARN_64_TO_32_BIT_CONVERSION = YES;
				GCC_WARN_ABOUT_RETURN_TYPE = YES_ERROR;
				GCC_WARN_UNDECLARED_SELECTOR = YES;
				GCC_WARN_UNINITIALIZED_AUTOS = YES_AGGRESSIVE;
				GCC_WARN_UNUSED_FUNCTION = YES;
				GCC_WARN_UNUSED_VARIABLE = YES;
				IPHONEOS_DEPLOYMENT_TARGET = 13.1;
				MTL_ENABLE_DEBUG_INFO = INCLUDE_SOURCE;
				MTL_FAST_MATH = YES;
				ONLY_ACTIVE_ARCH = YES;
				SDKROOT = iphoneos;
				SWIFT_ACTIVE_COMPILATION_CONDITIONS = DEBUG;
				SWIFT_OPTIMIZATION_LEVEL = "-Onone";
			};
			name = Debug;
		};
		1F343106242EB07A009268B8 /* Release */ = {
			isa = XCBuildConfiguration;
			buildSettings = {
				ALWAYS_SEARCH_USER_PATHS = NO;
				CLANG_ANALYZER_NONNULL = YES;
				CLANG_ANALYZER_NUMBER_OBJECT_CONVERSION = YES_AGGRESSIVE;
				CLANG_CXX_LANGUAGE_STANDARD = "gnu++14";
				CLANG_CXX_LIBRARY = "libc++";
				CLANG_ENABLE_MODULES = YES;
				CLANG_ENABLE_OBJC_ARC = YES;
				CLANG_ENABLE_OBJC_WEAK = YES;
				CLANG_WARN_BLOCK_CAPTURE_AUTORELEASING = YES;
				CLANG_WARN_BOOL_CONVERSION = YES;
				CLANG_WARN_COMMA = YES;
				CLANG_WARN_CONSTANT_CONVERSION = YES;
				CLANG_WARN_DEPRECATED_OBJC_IMPLEMENTATIONS = YES;
				CLANG_WARN_DIRECT_OBJC_ISA_USAGE = YES_ERROR;
				CLANG_WARN_DOCUMENTATION_COMMENTS = YES;
				CLANG_WARN_EMPTY_BODY = YES;
				CLANG_WARN_ENUM_CONVERSION = YES;
				CLANG_WARN_INFINITE_RECURSION = YES;
				CLANG_WARN_INT_CONVERSION = YES;
				CLANG_WARN_NON_LITERAL_NULL_CONVERSION = YES;
				CLANG_WARN_OBJC_IMPLICIT_RETAIN_SELF = YES;
				CLANG_WARN_OBJC_LITERAL_CONVERSION = YES;
				CLANG_WARN_OBJC_ROOT_CLASS = YES_ERROR;
				CLANG_WARN_RANGE_LOOP_ANALYSIS = YES;
				CLANG_WARN_STRICT_PROTOTYPES = YES;
				CLANG_WARN_SUSPICIOUS_MOVE = YES;
				CLANG_WARN_UNGUARDED_AVAILABILITY = YES_AGGRESSIVE;
				CLANG_WARN_UNREACHABLE_CODE = YES;
				CLANG_WARN__DUPLICATE_METHOD_MATCH = YES;
				COPY_PHASE_STRIP = NO;
				DEBUG_INFORMATION_FORMAT = "dwarf-with-dsym";
				ENABLE_NS_ASSERTIONS = NO;
				ENABLE_STRICT_OBJC_MSGSEND = YES;
				GCC_C_LANGUAGE_STANDARD = gnu11;
				GCC_NO_COMMON_BLOCKS = YES;
				GCC_WARN_64_TO_32_BIT_CONVERSION = YES;
				GCC_WARN_ABOUT_RETURN_TYPE = YES_ERROR;
				GCC_WARN_UNDECLARED_SELECTOR = YES;
				GCC_WARN_UNINITIALIZED_AUTOS = YES_AGGRESSIVE;
				GCC_WARN_UNUSED_FUNCTION = YES;
				GCC_WARN_UNUSED_VARIABLE = YES;
				IPHONEOS_DEPLOYMENT_TARGET = 13.1;
				MTL_ENABLE_DEBUG_INFO = NO;
				MTL_FAST_MATH = YES;
				SDKROOT = iphoneos;
				SWIFT_COMPILATION_MODE = wholemodule;
				SWIFT_OPTIMIZATION_LEVEL = "-O";
				VALIDATE_PRODUCT = YES;
			};
			name = Release;
		};
		1F343108242EB07A009268B8 /* Debug */ = {
			isa = XCBuildConfiguration;
			buildSettings = {
				ASSETCATALOG_COMPILER_APPICON_NAME = AppIcon;
				CODE_SIGN_STYLE = Automatic;
				DEVELOPMENT_ASSET_PATHS = "\"InteractiveView/Preview Content\"";
				DEVELOPMENT_TEAM = M8JZ94L67D;
				ENABLE_PREVIEWS = YES;
				INFOPLIST_FILE = InteractiveView/Info.plist;
				LD_RUNPATH_SEARCH_PATHS = (
					"$(inherited)",
					"@executable_path/Frameworks",
				);
				PRODUCT_BUNDLE_IDENTIFIER = bundle.InteractiveView;
				PRODUCT_NAME = "$(TARGET_NAME)";
				SWIFT_VERSION = 5.0;
				TARGETED_DEVICE_FAMILY = "1,2";
			};
			name = Debug;
		};
		1F343109242EB07A009268B8 /* Release */ = {
			isa = XCBuildConfiguration;
			buildSettings = {
				ASSETCATALOG_COMPILER_APPICON_NAME = AppIcon;
				CODE_SIGN_STYLE = Automatic;
				DEVELOPMENT_ASSET_PATHS = "\"InteractiveView/Preview Content\"";
				DEVELOPMENT_TEAM = M8JZ94L67D;
				ENABLE_PREVIEWS = YES;
				INFOPLIST_FILE = InteractiveView/Info.plist;
				LD_RUNPATH_SEARCH_PATHS = (
					"$(inherited)",
					"@executable_path/Frameworks",
				);
				PRODUCT_BUNDLE_IDENTIFIER = bundle.InteractiveView;
				PRODUCT_NAME = "$(TARGET_NAME)";
				SWIFT_VERSION = 5.0;
				TARGETED_DEVICE_FAMILY = "1,2";
			};
			name = Release;
		};
		1F34310B242EB07A009268B8 /* Debug */ = {
			isa = XCBuildConfiguration;
			buildSettings = {
				ALWAYS_EMBED_SWIFT_STANDARD_LIBRARIES = YES;
				BUNDLE_LOADER = "$(TEST_HOST)";
				CODE_SIGN_STYLE = Automatic;
				DEVELOPMENT_TEAM = M8JZ94L67D;
				INFOPLIST_FILE = InteractiveViewTests/Info.plist;
				IPHONEOS_DEPLOYMENT_TARGET = 13.1;
				LD_RUNPATH_SEARCH_PATHS = (
					"$(inherited)",
					"@executable_path/Frameworks",
					"@loader_path/Frameworks",
				);
				PRODUCT_BUNDLE_IDENTIFIER = bundle.InteractiveViewTests;
				PRODUCT_NAME = "$(TARGET_NAME)";
				SWIFT_VERSION = 5.0;
				TARGETED_DEVICE_FAMILY = "1,2";
				TEST_HOST = "$(BUILT_PRODUCTS_DIR)/InteractiveView.app/InteractiveView";
			};
			name = Debug;
		};
		1F34310C242EB07A009268B8 /* Release */ = {
			isa = XCBuildConfiguration;
			buildSettings = {
				ALWAYS_EMBED_SWIFT_STANDARD_LIBRARIES = YES;
				BUNDLE_LOADER = "$(TEST_HOST)";
				CODE_SIGN_STYLE = Automatic;
				DEVELOPMENT_TEAM = M8JZ94L67D;
				INFOPLIST_FILE = InteractiveViewTests/Info.plist;
				IPHONEOS_DEPLOYMENT_TARGET = 13.1;
				LD_RUNPATH_SEARCH_PATHS = (
					"$(inherited)",
					"@executable_path/Frameworks",
					"@loader_path/Frameworks",
				);
				PRODUCT_BUNDLE_IDENTIFIER = bundle.InteractiveViewTests;
				PRODUCT_NAME = "$(TARGET_NAME)";
				SWIFT_VERSION = 5.0;
				TARGETED_DEVICE_FAMILY = "1,2";
				TEST_HOST = "$(BUILT_PRODUCTS_DIR)/InteractiveView.app/InteractiveView";
			};
			name = Release;
		};
		1F34310E242EB07A009268B8 /* Debug */ = {
			isa = XCBuildConfiguration;
			buildSettings = {
				ALWAYS_EMBED_SWIFT_STANDARD_LIBRARIES = YES;
				CODE_SIGN_STYLE = Automatic;
				DEVELOPMENT_TEAM = M8JZ94L67D;
				INFOPLIST_FILE = InteractiveViewUITests/Info.plist;
				LD_RUNPATH_SEARCH_PATHS = (
					"$(inherited)",
					"@executable_path/Frameworks",
					"@loader_path/Frameworks",
				);
				PRODUCT_BUNDLE_IDENTIFIER = bundle.InteractiveViewUITests;
				PRODUCT_NAME = "$(TARGET_NAME)";
				SWIFT_VERSION = 5.0;
				TARGETED_DEVICE_FAMILY = "1,2";
				TEST_TARGET_NAME = InteractiveView;
			};
			name = Debug;
		};
		1F34310F242EB07A009268B8 /* Release */ = {
			isa = XCBuildConfiguration;
			buildSettings = {
				ALWAYS_EMBED_SWIFT_STANDARD_LIBRARIES = YES;
				CODE_SIGN_STYLE = Automatic;
				DEVELOPMENT_TEAM = M8JZ94L67D;
				INFOPLIST_FILE = InteractiveViewUITests/Info.plist;
				LD_RUNPATH_SEARCH_PATHS = (
					"$(inherited)",
					"@executable_path/Frameworks",
					"@loader_path/Frameworks",
				);
				PRODUCT_BUNDLE_IDENTIFIER = bundle.InteractiveViewUITests;
				PRODUCT_NAME = "$(TARGET_NAME)";
				SWIFT_VERSION = 5.0;
				TARGETED_DEVICE_FAMILY = "1,2";
				TEST_TARGET_NAME = InteractiveView;
			};
			name = Release;
		};
/* End XCBuildConfiguration section */

/* Begin XCConfigurationList section */
		1F3430D8242EB077009268B8 /* Build configuration list for PBXProject "InteractiveView" */ = {
			isa = XCConfigurationList;
			buildConfigurations = (
				1F343105242EB07A009268B8 /* Debug */,
				1F343106242EB07A009268B8 /* Release */,
			);
			defaultConfigurationIsVisible = 0;
			defaultConfigurationName = Release;
		};
		1F343107242EB07A009268B8 /* Build configuration list for PBXNativeTarget "InteractiveView" */ = {
			isa = XCConfigurationList;
			buildConfigurations = (
				1F343108242EB07A009268B8 /* Debug */,
				1F343109242EB07A009268B8 /* Release */,
			);
			defaultConfigurationIsVisible = 0;
			defaultConfigurationName = Release;
		};
		1F34310A242EB07A009268B8 /* Build configuration list for PBXNativeTarget "InteractiveViewTests" */ = {
			isa = XCConfigurationList;
			buildConfigurations = (
				1F34310B242EB07A009268B8 /* Debug */,
				1F34310C242EB07A009268B8 /* Release */,
			);
			defaultConfigurationIsVisible = 0;
			defaultConfigurationName = Release;
		};
		1F34310D242EB07A009268B8 /* Build configuration list for PBXNativeTarget "InteractiveViewUITests" */ = {
			isa = XCConfigurationList;
			buildConfigurations = (
				1F34310E242EB07A009268B8 /* Debug */,
				1F34310F242EB07A009268B8 /* Release */,
			);
			defaultConfigurationIsVisible = 0;
			defaultConfigurationName = Release;
		};
/* End XCConfigurationList section */
	};
	rootObject = 1F3430D5242EB077009268B8 /* Project object */;
}
